
Microsoft Visual Studio Solution File, Format Version 12.00
# Visual Studio Version 16
VisualStudioVersion = 16.0.30330.147
MinimumVisualStudioVersion = 10.0.40219.1
Project("{FAE04EC0-301F-11D3-BF4B-00C04F79EFBC}") = "EPSFHIR.Net", "EPSFHIR.Net.csproj", "{364A0160-793C-4E04-8745-9087A5E12780}"
EndProject
Global
	GlobalSection(SolutionConfigurationPlatforms) = preSolution
		Debug|Any CPU = Debug|Any CPU
		Release|Any CPU = Release|Any CPU
	EndGlobalSection
	GlobalSection(ProjectConfigurationPlatforms) = postSolution
		{364A0160-793C-4E04-8745-9087A5E12780}.Debug|Any CPU.ActiveCfg = Debug|Any CPU
		{364A0160-793C-4E04-8745-9087A5E12780}.Debug|Any CPU.Build.0 = Debug|Any CPU
		{364A0160-793C-4E04-8745-9087A5E12780}.Release|Any CPU.ActiveCfg = Release|Any CPU
		{364A0160-793C-4E04-8745-9087A5E12780}.Release|Any CPU.Build.0 = Release|Any CPU
	EndGlobalSection
	GlobalSection(SolutionProperties) = preSolution
		HideSolutionNode = FALSE
	EndGlobalSection
	GlobalSection(ExtensibilityGlobals) = postSolution
		SolutionGuid = {C8E51D2B-EEAB-4EB8-8E79-F450FD3E6DB1}
	EndGlobalSection
EndGlobal
